{
  "object": {
    "pins": [
      {
        "package": "AtomicSwift",
        "repositoryURL": "https://github.com/MarioIannotta/AtomicSwift.git",
        "state": {
          "branch": null,
          "revision": "e2913c6e873bc60237dd138ba0db9b109016dd80",
          "version": "1.2.1"
        }
      },
      {
        "package": "DNSCore",
        "repositoryURL": "https://github.com/DoubleNode/DNSCore.git",
        "state": {
          "branch": null,
          "revision": "657715d3b3dd2b723aa6acd6ec602cd8ff814c94",
          "version": "1.0.10"
        }
      },
      {
        "package": "DNSCoreThreading",
        "repositoryURL": "https://github.com/DoubleNode/DNSCoreThreading.git",
        "state": {
          "branch": null,
          "revision": "66d5e01881d1d822789051fa79332a5e0ffd93b8",
          "version": "1.0.3"
        }
      },
      {
        "package": "DNSProtocols",
        "repositoryURL": "https://github.com/DoubleNode/DNSProtocols.git",
        "state": {
          "branch": null,
          "revision": "3a97bc251cb9c876f7d40f2724744b85f6b1b314",
          "version": "1.0.10"
        }
      }
    ]
  },
  "version": 1
}
