{
  "object": {
    "pins": [
      {
        "package": "AtomicSwift",
        "repositoryURL": "https://github.com/DoubleNodeOpen/AtomicSwift.git",
        "state": {
          "branch": null,
          "revision": "33cc39dfb1b48898b32922b67d11a95e2bfa2e57",
          "version": "1.2.2"
        }
      },
      {
        "package": "DNSCore",
        "repositoryURL": "https://github.com/DoubleNode/DNSCore.git",
        "state": {
          "branch": null,
          "revision": "5dc747b7d356c6708ea983f1632bbe76b5e1be93",
          "version": "1.2.1"
        }
      },
      {
        "package": "DNSCoreThreading",
        "repositoryURL": "https://github.com/DoubleNode/DNSCoreThreading.git",
        "state": {
          "branch": null,
          "revision": "5bf391d08597400c8603e73a4e5bdfa87ff8e1df",
          "version": "1.1.0"
        }
      },
      {
        "package": "SFSymbol",
        "repositoryURL": "https://github.com/Nirma/SFSymbol",
        "state": {
          "branch": null,
          "revision": "5eba1ce4fc19b2f5aca2208b5927c544e0e89963",
          "version": "0.2.0"
        }
      },
      {
        "package": "SwiftyBeaver",
        "repositoryURL": "https://github.com/SwiftyBeaver/SwiftyBeaver.git",
        "state": {
          "branch": null,
          "revision": "e0fb3a74cb993d7dcf1e56734cdc98ad6e6d8176",
          "version": "1.9.1"
        }
      }
    ]
  },
  "version": 1
}
